{
  "name": "babylonapps",
  "version": "1.0.0",
  "lockfileVersion": 2,
  "requires": true,
  "packages": {
    "": {
      "name": "babylonapps",
      "version": "1.0.0",
      "license": "ISC",
      "dependencies": {
        "babylonjs": "^5.28.0",
        "babylonjs-loaders": "^5.28.0",
        "babylonjs-procedural-textures": "^5.28.0"
      }
    },
    "node_modules/babylonjs": {
      "version": "5.28.0",
      "resolved": "https://registry.npmjs.org/babylonjs/-/babylonjs-5.28.0.tgz",
      "integrity": "sha512-SfcQsb2bXxFqQH/xeKZD6QVIb6u2R/YP+3vhje/ecivv1OyH7a2VfgWZTFXUzwH8Uew/W9BOUMu9WChuBunwkg==",
      "hasInstallScript": true
    },
    "node_modules/babylonjs-gltf2interface": {
      "version": "5.28.0",
      "resolved": "https://registry.npmjs.org/babylonjs-gltf2interface/-/babylonjs-gltf2interface-5.28.0.tgz",
      "integrity": "sha512-Mm0s5yaaCbbU6DJr/lXpa7ZV3FziT5wWlvC2Yyn6Rhl7xgZQQUub1NjDn+vt0wh4XjETDEEuHwOYpm1i5cID3w=="
    },
    "node_modules/babylonjs-loaders": {
      "version": "5.28.0",
      "resolved": "https://registry.npmjs.org/babylonjs-loaders/-/babylonjs-loaders-5.28.0.tgz",
      "integrity": "sha512-6gA00dc0gCGrs3Ll4YshyNkcpUTmrXCwAWsFHcdjbj8HVC36Z4IP3UMf8G7pfwxzSa7fWCnU9uLVyxAJ8epgJg==",
      "dependencies": {
        "babylonjs": "^5.28.0",
        "babylonjs-gltf2interface": "^5.28.0"
      }
    },
    "node_modules/babylonjs-procedural-textures": {
      "version": "5.28.0",
      "resolved": "https://registry.npmjs.org/babylonjs-procedural-textures/-/babylonjs-procedural-textures-5.28.0.tgz",
      "integrity": "sha512-fzMio+6gtHt5Citc4pzK5HUHG4e1Ry9sFo5fppubfL9L3lbuN+RESXy+PaSF5fu9yN1icvQuVdbqcUUAYfj9hg==",
      "dependencies": {
        "babylonjs": "^5.28.0"
      }
    }
  },
  "dependencies": {
    "babylonjs": {
      "version": "5.28.0",
      "resolved": "https://registry.npmjs.org/babylonjs/-/babylonjs-5.28.0.tgz",
      "integrity": "sha512-SfcQsb2bXxFqQH/xeKZD6QVIb6u2R/YP+3vhje/ecivv1OyH7a2VfgWZTFXUzwH8Uew/W9BOUMu9WChuBunwkg=="
    },
    "babylonjs-gltf2interface": {
      "version": "5.28.0",
      "resolved": "https://registry.npmjs.org/babylonjs-gltf2interface/-/babylonjs-gltf2interface-5.28.0.tgz",
      "integrity": "sha512-Mm0s5yaaCbbU6DJr/lXpa7ZV3FziT5wWlvC2Yyn6Rhl7xgZQQUub1NjDn+vt0wh4XjETDEEuHwOYpm1i5cID3w=="
    },
    "babylonjs-loaders": {
      "version": "5.28.0",
      "resolved": "https://registry.npmjs.org/babylonjs-loaders/-/babylonjs-loaders-5.28.0.tgz",
      "integrity": "sha512-6gA00dc0gCGrs3Ll4YshyNkcpUTmrXCwAWsFHcdjbj8HVC36Z4IP3UMf8G7pfwxzSa7fWCnU9uLVyxAJ8epgJg==",
      "requires": {
        "babylonjs": "^5.28.0",
        "babylonjs-gltf2interface": "^5.28.0"
      }
    },
    "babylonjs-procedural-textures": {
      "version": "5.28.0",
      "resolved": "https://registry.npmjs.org/babylonjs-procedural-textures/-/babylonjs-procedural-textures-5.28.0.tgz",
      "integrity": "sha512-fzMio+6gtHt5Citc4pzK5HUHG4e1Ry9sFo5fppubfL9L3lbuN+RESXy+PaSF5fu9yN1icvQuVdbqcUUAYfj9hg==",
      "requires": {
        "babylonjs": "^5.28.0"
      }
    }
  }
}
